// !$*UTF8*$!
{
	archiveVersion = 1;
	classes = {
	};
	objectVersion = 56;
	objects = {

/* Begin PBXBuildFile section */
		82CE37DD29605E1B00B189FF /* AppDelegate.swift in Sources */ = {isa = PBXBuildFile; fileRef = 82CE37DC29605E1B00B189FF /* AppDelegate.swift */; };
		82CE37DF29605E1B00B189FF /* SceneDelegate.swift in Sources */ = {isa = PBXBuildFile; fileRef = 82CE37DE29605E1B00B189FF /* SceneDelegate.swift */; };
		82CE37E129605E1B00B189FF /* ViewController.swift in Sources */ = {isa = PBXBuildFile; fileRef = 82CE37E029605E1B00B189FF /* ViewController.swift */; };
		82CE37E429605E1B00B189FF /* Main.storyboard in Resources */ = {isa = PBXBuildFile; fileRef = 82CE37E229605E1B00B189FF /* Main.storyboard */; };
		82CE37E629605E1D00B189FF /* Assets.xcassets in Resources */ = {isa = PBXBuildFile; fileRef = 82CE37E529605E1D00B189FF /* Assets.xcassets */; };
		82CE37E929605E1D00B189FF /* LaunchScreen.storyboard in Resources */ = {isa = PBXBuildFile; fileRef = 82CE37E729605E1D00B189FF /* LaunchScreen.storyboard */; };
		82CE37F429605E1D00B189FF /* GyroModuleTests.swift in Sources */ = {isa = PBXBuildFile; fileRef = 82CE37F329605E1D00B189FF /* GyroModuleTests.swift */; };
		82CE37FE29605E1D00B189FF /* GyroModuleUITests.swift in Sources */ = {isa = PBXBuildFile; fileRef = 82CE37FD29605E1D00B189FF /* GyroModuleUITests.swift */; };
		82CE380029605E1D00B189FF /* GyroModuleUITestsLaunchTests.swift in Sources */ = {isa = PBXBuildFile; fileRef = 82CE37FF29605E1D00B189FF /* GyroModuleUITestsLaunchTests.swift */; };
		82CE380D29605E2B00B189FF /* ViewModel.swift in Sources */ = {isa = PBXBuildFile; fileRef = 82CE380C29605E2B00B189FF /* ViewModel.swift */; };
		82CE380F29605E5E00B189FF /* GyroManager.swift in Sources */ = {isa = PBXBuildFile; fileRef = 82CE380E29605E5E00B189FF /* GyroManager.swift */; };
/* End PBXBuildFile section */

/* Begin PBXContainerItemProxy section */
		82CE37F029605E1D00B189FF /* PBXContainerItemProxy */ = {
			isa = PBXContainerItemProxy;
			containerPortal = 82CE37D129605E1B00B189FF /* Project object */;
			proxyType = 1;
			remoteGlobalIDString = 82CE37D829605E1B00B189FF;
			remoteInfo = GyroModule;
		};
		82CE37FA29605E1D00B189FF /* PBXContainerItemProxy */ = {
			isa = PBXContainerItemProxy;
			containerPortal = 82CE37D129605E1B00B189FF /* Project object */;
			proxyType = 1;
			remoteGlobalIDString = 82CE37D829605E1B00B189FF;
			remoteInfo = GyroModule;
		};
/* End PBXContainerItemProxy section */

/* Begin PBXFileReference section */
		82CE37D929605E1B00B189FF /* GyroModule.app */ = {isa = PBXFileReference; explicitFileType = wrapper.application; includeInIndex = 0; path = GyroModule.app; sourceTree = BUILT_PRODUCTS_DIR; };
		82CE37DC29605E1B00B189FF /* AppDelegate.swift */ = {isa = PBXFileReference; lastKnownFileType = sourcecode.swift; path = AppDelegate.swift; sourceTree = "<group>"; };
		82CE37DE29605E1B00B189FF /* SceneDelegate.swift */ = {isa = PBXFileReference; lastKnownFileType = sourcecode.swift; path = SceneDelegate.swift; sourceTree = "<group>"; };
		82CE37E029605E1B00B189FF /* ViewController.swift */ = {isa = PBXFileReference; lastKnownFileType = sourcecode.swift; path = ViewController.swift; sourceTree = "<group>"; };
		82CE37E329605E1B00B189FF /* Base */ = {isa = PBXFileReference; lastKnownFileType = file.storyboard; name = Base; path = Base.lproj/Main.storyboard; sourceTree = "<group>"; };
		82CE37E529605E1D00B189FF /* Assets.xcassets */ = {isa = PBXFileReference; lastKnownFileType = folder.assetcatalog; path = Assets.xcassets; sourceTree = "<group>"; };
		82CE37E829605E1D00B189FF /* Base */ = {isa = PBXFileReference; lastKnownFileType = file.storyboard; name = Base; path = Base.lproj/LaunchScreen.storyboard; sourceTree = "<group>"; };
		82CE37EA29605E1D00B189FF /* Info.plist */ = {isa = PBXFileReference; lastKnownFileType = text.plist.xml; path = Info.plist; sourceTree = "<group>"; };
		82CE37EF29605E1D00B189FF /* GyroModuleTests.xctest */ = {isa = PBXFileReference; explicitFileType = wrapper.cfbundle; includeInIndex = 0; path = GyroModuleTests.xctest; sourceTree = BUILT_PRODUCTS_DIR; };
		82CE37F329605E1D00B189FF /* GyroModuleTests.swift */ = {isa = PBXFileReference; lastKnownFileType = sourcecode.swift; path = GyroModuleTests.swift; sourceTree = "<group>"; };
		82CE37F929605E1D00B189FF /* GyroModuleUITests.xctest */ = {isa = PBXFileReference; explicitFileType = wrapper.cfbundle; includeInIndex = 0; path = GyroModuleUITests.xctest; sourceTree = BUILT_PRODUCTS_DIR; };
		82CE37FD29605E1D00B189FF /* GyroModuleUITests.swift */ = {isa = PBXFileReference; lastKnownFileType = sourcecode.swift; path = GyroModuleUITests.swift; sourceTree = "<group>"; };
		82CE37FF29605E1D00B189FF /* GyroModuleUITestsLaunchTests.swift */ = {isa = PBXFileReference; lastKnownFileType = sourcecode.swift; path = GyroModuleUITestsLaunchTests.swift; sourceTree = "<group>"; };
		82CE380C29605E2B00B189FF /* ViewModel.swift */ = {isa = PBXFileReference; lastKnownFileType = sourcecode.swift; path = ViewModel.swift; sourceTree = "<group>"; };
		82CE380E29605E5E00B189FF /* GyroManager.swift */ = {isa = PBXFileReference; lastKnownFileType = sourcecode.swift; path = GyroManager.swift; sourceTree = "<group>"; };
/* End PBXFileReference section */

/* Begin PBXFrameworksBuildPhase section */
		82CE37D629605E1B00B189FF /* Frameworks */ = {
			isa = PBXFrameworksBuildPhase;
			buildActionMask = 2147483647;
			files = (
			);
			runOnlyForDeploymentPostprocessing = 0;
		};
		82CE37EC29605E1D00B189FF /* Frameworks */ = {
			isa = PBXFrameworksBuildPhase;
			buildActionMask = 2147483647;
			files = (
			);
			runOnlyForDeploymentPostprocessing = 0;
		};
		82CE37F629605E1D00B189FF /* Frameworks */ = {
			isa = PBXFrameworksBuildPhase;
			buildActionMask = 2147483647;
			files = (
			);
			runOnlyForDeploymentPostprocessing = 0;
		};
/* End PBXFrameworksBuildPhase section */

/* Begin PBXGroup section */
		82CE37D029605E1B00B189FF = {
			isa = PBXGroup;
			children = (
				82CE37DB29605E1B00B189FF /* GyroModule */,
				82CE37F229605E1D00B189FF /* GyroModuleTests */,
				82CE37FC29605E1D00B189FF /* GyroModuleUITests */,
				82CE37DA29605E1B00B189FF /* Products */,
			);
			sourceTree = "<group>";
		};
		82CE37DA29605E1B00B189FF /* Products */ = {
			isa = PBXGroup;
			children = (
				82CE37D929605E1B00B189FF /* GyroModule.app */,
				82CE37EF29605E1D00B189FF /* GyroModuleTests.xctest */,
				82CE37F929605E1D00B189FF /* GyroModuleUITests.xctest */,
			);
			name = Products;
			sourceTree = "<group>";
		};
		82CE37DB29605E1B00B189FF /* GyroModule */ = {
			isa = PBXGroup;
			children = (
				82CE37DC29605E1B00B189FF /* AppDelegate.swift */,
				82CE37DE29605E1B00B189FF /* SceneDelegate.swift */,
				82CE37E029605E1B00B189FF /* ViewController.swift */,
				82CE380C29605E2B00B189FF /* ViewModel.swift */,
				82CE380E29605E5E00B189FF /* GyroManager.swift */,
				82CE37E229605E1B00B189FF /* Main.storyboard */,
				82CE37E529605E1D00B189FF /* Assets.xcassets */,
				82CE37E729605E1D00B189FF /* LaunchScreen.storyboard */,
				82CE37EA29605E1D00B189FF /* Info.plist */,
			);
			path = GyroModule;
			sourceTree = "<group>";
		};
		82CE37F229605E1D00B189FF /* GyroModuleTests */ = {
			isa = PBXGroup;
			children = (
				82CE37F329605E1D00B189FF /* GyroModuleTests.swift */,
			);
			path = GyroModuleTests;
			sourceTree = "<group>";
		};
		82CE37FC29605E1D00B189FF /* GyroModuleUITests */ = {
			isa = PBXGroup;
			children = (
				82CE37FD29605E1D00B189FF /* GyroModuleUITests.swift */,
				82CE37FF29605E1D00B189FF /* GyroModuleUITestsLaunchTests.swift */,
			);
			path = GyroModuleUITests;
			sourceTree = "<group>";
		};
/* End PBXGroup section */

/* Begin PBXNativeTarget section */
		82CE37D829605E1B00B189FF /* GyroModule */ = {
			isa = PBXNativeTarget;
			buildConfigurationList = 82CE380329605E1D00B189FF /* Build configuration list for PBXNativeTarget "GyroModule" */;
			buildPhases = (
				82CE37D529605E1B00B189FF /* Sources */,
				82CE37D629605E1B00B189FF /* Frameworks */,
				82CE37D729605E1B00B189FF /* Resources */,
			);
			buildRules = (
			);
			dependencies = (
			);
			name = GyroModule;
			productName = GyroModule;
			productReference = 82CE37D929605E1B00B189FF /* GyroModule.app */;
			productType = "com.apple.product-type.application";
		};
		82CE37EE29605E1D00B189FF /* GyroModuleTests */ = {
			isa = PBXNativeTarget;
			buildConfigurationList = 82CE380629605E1D00B189FF /* Build configuration list for PBXNativeTarget "GyroModuleTests" */;
			buildPhases = (
				82CE37EB29605E1D00B189FF /* Sources */,
				82CE37EC29605E1D00B189FF /* Frameworks */,
				82CE37ED29605E1D00B189FF /* Resources */,
			);
			buildRules = (
			);
			dependencies = (
				82CE37F129605E1D00B189FF /* PBXTargetDependency */,
			);
			name = GyroModuleTests;
			productName = GyroModuleTests;
			productReference = 82CE37EF29605E1D00B189FF /* GyroModuleTests.xctest */;
			productType = "com.apple.product-type.bundle.unit-test";
		};
		82CE37F829605E1D00B189FF /* GyroModuleUITests */ = {
			isa = PBXNativeTarget;
			buildConfigurationList = 82CE380929605E1D00B189FF /* Build configuration list for PBXNativeTarget "GyroModuleUITests" */;
			buildPhases = (
				82CE37F529605E1D00B189FF /* Sources */,
				82CE37F629605E1D00B189FF /* Frameworks */,
				82CE37F729605E1D00B189FF /* Resources */,
			);
			buildRules = (
			);
			dependencies = (
				82CE37FB29605E1D00B189FF /* PBXTargetDependency */,
			);
			name = GyroModuleUITests;
			productName = GyroModuleUITests;
			productReference = 82CE37F929605E1D00B189FF /* GyroModuleUITests.xctest */;
			productType = "com.apple.product-type.bundle.ui-testing";
		};
/* End PBXNativeTarget section */

/* Begin PBXProject section */
		82CE37D129605E1B00B189FF /* Project object */ = {
			isa = PBXProject;
			attributes = {
				BuildIndependentTargetsInParallel = 1;
				LastSwiftUpdateCheck = 1420;
				LastUpgradeCheck = 1420;
				TargetAttributes = {
					82CE37D829605E1B00B189FF = {
						CreatedOnToolsVersion = 14.2;
					};
					82CE37EE29605E1D00B189FF = {
						CreatedOnToolsVersion = 14.2;
						TestTargetID = 82CE37D829605E1B00B189FF;
					};
					82CE37F829605E1D00B189FF = {
						CreatedOnToolsVersion = 14.2;
						TestTargetID = 82CE37D829605E1B00B189FF;
					};
				};
			};
			buildConfigurationList = 82CE37D429605E1B00B189FF /* Build configuration list for PBXProject "GyroModule" */;
			compatibilityVersion = "Xcode 14.0";
			developmentRegion = en;
			hasScannedForEncodings = 0;
			knownRegions = (
				en,
				Base,
			);
			mainGroup = 82CE37D029605E1B00B189FF;
			productRefGroup = 82CE37DA29605E1B00B189FF /* Products */;
			projectDirPath = "";
			projectRoot = "";
			targets = (
				82CE37D829605E1B00B189FF /* GyroModule */,
				82CE37EE29605E1D00B189FF /* GyroModuleTests */,
				82CE37F829605E1D00B189FF /* GyroModuleUITests */,
			);
		};
/* End PBXProject section */

/* Begin PBXResourcesBuildPhase section */
		82CE37D729605E1B00B189FF /* Resources */ = {
			isa = PBXResourcesBuildPhase;
			buildActionMask = 2147483647;
			files = (
				82CE37E929605E1D00B189FF /* LaunchScreen.storyboard in Resources */,
				82CE37E629605E1D00B189FF /* Assets.xcassets in Resources */,
				82CE37E429605E1B00B189FF /* Main.storyboard in Resources */,
			);
			runOnlyForDeploymentPostprocessing = 0;
		};
		82CE37ED29605E1D00B189FF /* Resources */ = {
			isa = PBXResourcesBuildPhase;
			buildActionMask = 2147483647;
			files = (
			);
			runOnlyForDeploymentPostprocessing = 0;
		};
		82CE37F729605E1D00B189FF /* Resources */ = {
			isa = PBXResourcesBuildPhase;
			buildActionMask = 2147483647;
			files = (
			);
			runOnlyForDeploymentPostprocessing = 0;
		};
/* End PBXResourcesBuildPhase section */

/* Begin PBXSourcesBuildPhase section */
		82CE37D529605E1B00B189FF /* Sources */ = {
			isa = PBXSourcesBuildPhase;
			buildActionMask = 2147483647;
			files = (
				82CE380F29605E5E00B189FF /* GyroManager.swift in Sources */,
				82CE37E129605E1B00B189FF /* ViewController.swift in Sources */,
				82CE37DD29605E1B00B189FF /* AppDelegate.swift in Sources */,
				82CE380D29605E2B00B189FF /* ViewModel.swift in Sources */,
				82CE37DF29605E1B00B189FF /* SceneDelegate.swift in Sources */,
			);
			runOnlyForDeploymentPostprocessing = 0;
		};
		82CE37EB29605E1D00B189FF /* Sources */ = {
			isa = PBXSourcesBuildPhase;
			buildActionMask = 2147483647;
			files = (
				82CE37F429605E1D00B189FF /* GyroModuleTests.swift in Sources */,
			);
			runOnlyForDeploymentPostprocessing = 0;
		};
		82CE37F529605E1D00B189FF /* Sources */ = {
			isa = PBXSourcesBuildPhase;
			buildActionMask = 2147483647;
			files = (
				82CE37FE29605E1D00B189FF /* GyroModuleUITests.swift in Sources */,
				82CE380029605E1D00B189FF /* GyroModuleUITestsLaunchTests.swift in Sources */,
			);
			runOnlyForDeploymentPostprocessing = 0;
		};
/* End PBXSourcesBuildPhase section */

/* Begin PBXTargetDependency section */
		82CE37F129605E1D00B189FF /* PBXTargetDependency */ = {
			isa = PBXTargetDependency;
			target = 82CE37D829605E1B00B189FF /* GyroModule */;
			targetProxy = 82CE37F029605E1D00B189FF /* PBXContainerItemProxy */;
		};
		82CE37FB29605E1D00B189FF /* PBXTargetDependency */ = {
			isa = PBXTargetDependency;
			target = 82CE37D829605E1B00B189FF /* GyroModule */;
			targetProxy = 82CE37FA29605E1D00B189FF /* PBXContainerItemProxy */;
		};
/* End PBXTargetDependency section */

/* Begin PBXVariantGroup section */
		82CE37E229605E1B00B189FF /* Main.storyboard */ = {
			isa = PBXVariantGroup;
			children = (
				82CE37E329605E1B00B189FF /* Base */,
			);
			name = Main.storyboard;
			sourceTree = "<group>";
		};
		82CE37E729605E1D00B189FF /* LaunchScreen.storyboard */ = {
			isa = PBXVariantGroup;
			children = (
				82CE37E829605E1D00B189FF /* Base */,
			);
			name = LaunchScreen.storyboard;
			sourceTree = "<group>";
		};
/* End PBXVariantGroup section */

/* Begin XCBuildConfiguration section */
		82CE380129605E1D00B189FF /* Debug */ = {
			isa = XCBuildConfiguration;
			buildSettings = {
				ALWAYS_SEARCH_USER_PATHS = NO;
				CLANG_ANALYZER_NONNULL = YES;
				CLANG_ANALYZER_NUMBER_OBJECT_CONVERSION = YES_AGGRESSIVE;
				CLANG_CXX_LANGUAGE_STANDARD = "gnu++20";
				CLANG_ENABLE_MODULES = YES;
				CLANG_ENABLE_OBJC_ARC = YES;
				CLANG_ENABLE_OBJC_WEAK = YES;
				CLANG_WARN_BLOCK_CAPTURE_AUTORELEASING = YES;
				CLANG_WARN_BOOL_CONVERSION = YES;
				CLANG_WARN_COMMA = YES;
				CLANG_WARN_CONSTANT_CONVERSION = YES;
				CLANG_WARN_DEPRECATED_OBJC_IMPLEMENTATIONS = YES;
				CLANG_WARN_DIRECT_OBJC_ISA_USAGE = YES_ERROR;
				CLANG_WARN_DOCUMENTATION_COMMENTS = YES;
				CLANG_WARN_EMPTY_BODY = YES;
				CLANG_WARN_ENUM_CONVERSION = YES;
				CLANG_WARN_INFINITE_RECURSION = YES;
				CLANG_WARN_INT_CONVERSION = YES;
				CLANG_WARN_NON_LITERAL_NULL_CONVERSION = YES;
				CLANG_WARN_OBJC_IMPLICIT_RETAIN_SELF = YES;
				CLANG_WARN_OBJC_LITERAL_CONVERSION = YES;
				CLANG_WARN_OBJC_ROOT_CLASS = YES_ERROR;
				CLANG_WARN_QUOTED_INCLUDE_IN_FRAMEWORK_HEADER = YES;
				CLANG_WARN_RANGE_LOOP_ANALYSIS = YES;
				CLANG_WARN_STRICT_PROTOTYPES = YES;
				CLANG_WARN_SUSPICIOUS_MOVE = YES;
				CLANG_WARN_UNGUARDED_AVAILABILITY = YES_AGGRESSIVE;
				CLANG_WARN_UNREACHABLE_CODE = YES;
				CLANG_WARN__DUPLICATE_METHOD_MATCH = YES;
				COPY_PHASE_STRIP = NO;
				DEBUG_INFORMATION_FORMAT = dwarf;
				ENABLE_STRICT_OBJC_MSGSEND = YES;
				ENABLE_TESTABILITY = YES;
				GCC_C_LANGUAGE_STANDARD = gnu11;
				GCC_DYNAMIC_NO_PIC = NO;
				GCC_NO_COMMON_BLOCKS = YES;
				GCC_OPTIMIZATION_LEVEL = 0;
				GCC_PREPROCESSOR_DEFINITIONS = (
					"DEBUG=1",
					"$(inherited)",
				);
				GCC_WARN_64_TO_32_BIT_CONVERSION = YES;
				GCC_WARN_ABOUT_RETURN_TYPE = YES_ERROR;
				GCC_WARN_UNDECLARED_SELECTOR = YES;
				GCC_WARN_UNINITIALIZED_AUTOS = YES_AGGRESSIVE;
				GCC_WARN_UNUSED_FUNCTION = YES;
				GCC_WARN_UNUSED_VARIABLE = YES;
				IPHONEOS_DEPLOYMENT_TARGET = 16.2;
				MTL_ENABLE_DEBUG_INFO = INCLUDE_SOURCE;
				MTL_FAST_MATH = YES;
				ONLY_ACTIVE_ARCH = YES;
				SDKROOT = iphoneos;
				SWIFT_ACTIVE_COMPILATION_CONDITIONS = DEBUG;
				SWIFT_OPTIMIZATION_LEVEL = "-Onone";
			};
			name = Debug;
		};
		82CE380229605E1D00B189FF /* Release */ = {
			isa = XCBuildConfiguration;
			buildSettings = {
				ALWAYS_SEARCH_USER_PATHS = NO;
				CLANG_ANALYZER_NONNULL = YES;
				CLANG_ANALYZER_NUMBER_OBJECT_CONVERSION = YES_AGGRESSIVE;
				CLANG_CXX_LANGUAGE_STANDARD = "gnu++20";
				CLANG_ENABLE_MODULES = YES;
				CLANG_ENABLE_OBJC_ARC = YES;
				CLANG_ENABLE_OBJC_WEAK = YES;
				CLANG_WARN_BLOCK_CAPTURE_AUTORELEASING = YES;
				CLANG_WARN_BOOL_CONVERSION = YES;
				CLANG_WARN_COMMA = YES;
				CLANG_WARN_CONSTANT_CONVERSION = YES;
				CLANG_WARN_DEPRECATED_OBJC_IMPLEMENTATIONS = YES;
				CLANG_WARN_DIRECT_OBJC_ISA_USAGE = YES_ERROR;
				CLANG_WARN_DOCUMENTATION_COMMENTS = YES;
				CLANG_WARN_EMPTY_BODY = YES;
				CLANG_WARN_ENUM_CONVERSION = YES;
				CLANG_WARN_INFINITE_RECURSION = YES;
				CLANG_WARN_INT_CONVERSION = YES;
				CLANG_WARN_NON_LITERAL_NULL_CONVERSION = YES;
				CLANG_WARN_OBJC_IMPLICIT_RETAIN_SELF = YES;
				CLANG_WARN_OBJC_LITERAL_CONVERSION = YES;
				CLANG_WARN_OBJC_ROOT_CLASS = YES_ERROR;
				CLANG_WARN_QUOTED_INCLUDE_IN_FRAMEWORK_HEADER = YES;
				CLANG_WARN_RANGE_LOOP_ANALYSIS = YES;
				CLANG_WARN_STRICT_PROTOTYPES = YES;
				CLANG_WARN_SUSPICIOUS_MOVE = YES;
				CLANG_WARN_UNGUARDED_AVAILABILITY = YES_AGGRESSIVE;
				CLANG_WARN_UNREACHABLE_CODE = YES;
				CLANG_WARN__DUPLICATE_METHOD_MATCH = YES;
				COPY_PHASE_STRIP = NO;
				DEBUG_INFORMATION_FORMAT = "dwarf-with-dsym";
				ENABLE_NS_ASSERTIONS = NO;
				ENABLE_STRICT_OBJC_MSGSEND = YES;
				GCC_C_LANGUAGE_STANDARD = gnu11;
				GCC_NO_COMMON_BLOCKS = YES;
				GCC_WARN_64_TO_32_BIT_CONVERSION = YES;
				GCC_WARN_ABOUT_RETURN_TYPE = YES_ERROR;
				GCC_WARN_UNDECLARED_SELECTOR = YES;
				GCC_WARN_UNINITIALIZED_AUTOS = YES_AGGRESSIVE;
				GCC_WARN_UNUSED_FUNCTION = YES;
				GCC_WARN_UNUSED_VARIABLE = YES;
				IPHONEOS_DEPLOYMENT_TARGET = 16.2;
				MTL_ENABLE_DEBUG_INFO = NO;
				MTL_FAST_MATH = YES;
				SDKROOT = iphoneos;
				SWIFT_COMPILATION_MODE = wholemodule;
				SWIFT_OPTIMIZATION_LEVEL = "-O";
				VALIDATE_PRODUCT = YES;
			};
			name = Release;
		};
		82CE380429605E1D00B189FF /* Debug */ = {
			isa = XCBuildConfiguration;
			buildSettings = {
				ASSETCATALOG_COMPILER_APPICON_NAME = AppIcon;
				ASSETCATALOG_COMPILER_GLOBAL_ACCENT_COLOR_NAME = AccentColor;
				CODE_SIGN_STYLE = Automatic;
				CURRENT_PROJECT_VERSION = 1;
				DEVELOPMENT_TEAM = 75SEZC5TGW;
				GENERATE_INFOPLIST_FILE = YES;
				INFOPLIST_FILE = GyroModule/Info.plist;
				INFOPLIST_KEY_UIApplicationSupportsIndirectInputEvents = YES;
				INFOPLIST_KEY_UILaunchStoryboardName = LaunchScreen;
				INFOPLIST_KEY_UIMainStoryboardFile = Main;
				INFOPLIST_KEY_UISupportedInterfaceOrientations_iPad = "UIInterfaceOrientationPortrait UIInterfaceOrientationPortraitUpsideDown UIInterfaceOrientationLandscapeLeft UIInterfaceOrientationLandscapeRight";
				INFOPLIST_KEY_UISupportedInterfaceOrientations_iPhone = "UIInterfaceOrientationPortrait UIInterfaceOrientationLandscapeLeft UIInterfaceOrientationLandscapeRight";
				LD_RUNPATH_SEARCH_PATHS = (
					"$(inherited)",
					"@executable_path/Frameworks",
				);
				MARKETING_VERSION = 1.0;
				PRODUCT_BUNDLE_IDENTIFIER = armentechnology.GyroModule;
				PRODUCT_NAME = "$(TARGET_NAME)";
				SWIFT_EMIT_LOC_STRINGS = YES;
				SWIFT_VERSION = 5.0;
				TARGETED_DEVICE_FAMILY = "1,2";
			};
			name = Debug;
		};
		82CE380529605E1D00B189FF /* Release */ = {
			isa = XCBuildConfiguration;
			buildSettings = {
				ASSETCATALOG_COMPILER_APPICON_NAME = AppIcon;
				ASSETCATALOG_COMPILER_GLOBAL_ACCENT_COLOR_NAME = AccentColor;
				CODE_SIGN_STYLE = Automatic;
				CURRENT_PROJECT_VERSION = 1;
				DEVELOPMENT_TEAM = 75SEZC5TGW;
				GENERATE_INFOPLIST_FILE = YES;
				INFOPLIST_FILE = GyroModule/Info.plist;
				INFOPLIST_KEY_UIApplicationSupportsIndirectInputEvents = YES;
				INFOPLIST_KEY_UILaunchStoryboardName = LaunchScreen;
				INFOPLIST_KEY_UIMainStoryboardFile = Main;
				INFOPLIST_KEY_UISupportedInterfaceOrientations_iPad = "UIInterfaceOrientationPortrait UIInterfaceOrientationPortraitUpsideDown UIInterfaceOrientationLandscapeLeft UIInterfaceOrientationLandscapeRight";
				INFOPLIST_KEY_UISupportedInterfaceOrientations_iPhone = "UIInterfaceOrientationPortrait UIInterfaceOrientationLandscapeLeft UIInterfaceOrientationLandscapeRight";
				LD_RUNPATH_SEARCH_PATHS = (
					"$(inherited)",
					"@executable_path/Frameworks",
				);
				MARKETING_VERSION = 1.0;
				PRODUCT_BUNDLE_IDENTIFIER = armentechnology.GyroModule;
				PRODUCT_NAME = "$(TARGET_NAME)";
				SWIFT_EMIT_LOC_STRINGS = YES;
				SWIFT_VERSION = 5.0;
				TARGETED_DEVICE_FAMILY = "1,2";
			};
			name = Release;
		};
		82CE380729605E1D00B189FF /* Debug */ = {
			isa = XCBuildConfiguration;
			buildSettings = {
				ALWAYS_EMBED_SWIFT_STANDARD_LIBRARIES = YES;
				BUNDLE_LOADER = "$(TEST_HOST)";
				CODE_SIGN_STYLE = Automatic;
				CURRENT_PROJECT_VERSION = 1;
				DEVELOPMENT_TEAM = 75SEZC5TGW;
				GENERATE_INFOPLIST_FILE = YES;
				IPHONEOS_DEPLOYMENT_TARGET = 16.2;
				MARKETING_VERSION = 1.0;
				PRODUCT_BUNDLE_IDENTIFIER = armentechnology.GyroModuleTests;
				PRODUCT_NAME = "$(TARGET_NAME)";
				SWIFT_EMIT_LOC_STRINGS = NO;
				SWIFT_VERSION = 5.0;
				TARGETED_DEVICE_FAMILY = "1,2";
				TEST_HOST = "$(BUILT_PRODUCTS_DIR)/GyroModule.app/$(BUNDLE_EXECUTABLE_FOLDER_PATH)/GyroModule";
			};
			name = Debug;
		};
		82CE380829605E1D00B189FF /* Release */ = {
			isa = XCBuildConfiguration;
			buildSettings = {
				ALWAYS_EMBED_SWIFT_STANDARD_LIBRARIES = YES;
				BUNDLE_LOADER = "$(TEST_HOST)";
				CODE_SIGN_STYLE = Automatic;
				CURRENT_PROJECT_VERSION = 1;
				DEVELOPMENT_TEAM = 75SEZC5TGW;
				GENERATE_INFOPLIST_FILE = YES;
				IPHONEOS_DEPLOYMENT_TARGET = 16.2;
				MARKETING_VERSION = 1.0;
				PRODUCT_BUNDLE_IDENTIFIER = armentechnology.GyroModuleTests;
				PRODUCT_NAME = "$(TARGET_NAME)";
				SWIFT_EMIT_LOC_STRINGS = NO;
				SWIFT_VERSION = 5.0;
				TARGETED_DEVICE_FAMILY = "1,2";
				TEST_HOST = "$(BUILT_PRODUCTS_DIR)/GyroModule.app/$(BUNDLE_EXECUTABLE_FOLDER_PATH)/GyroModule";
			};
			name = Release;
		};
		82CE380A29605E1D00B189FF /* Debug */ = {
			isa = XCBuildConfiguration;
			buildSettings = {
				ALWAYS_EMBED_SWIFT_STANDARD_LIBRARIES = YES;
				CODE_SIGN_STYLE = Automatic;
				CURRENT_PROJECT_VERSION = 1;
				DEVELOPMENT_TEAM = 75SEZC5TGW;
				GENERATE_INFOPLIST_FILE = YES;
				MARKETING_VERSION = 1.0;
				PRODUCT_BUNDLE_IDENTIFIER = armentechnology.GyroModuleUITests;
				PRODUCT_NAME = "$(TARGET_NAME)";
				SWIFT_EMIT_LOC_STRINGS = NO;
				SWIFT_VERSION = 5.0;
				TARGETED_DEVICE_FAMILY = "1,2";
				TEST_TARGET_NAME = GyroModule;
			};
			name = Debug;
		};
		82CE380B29605E1D00B189FF /* Release */ = {
			isa = XCBuildConfiguration;
			buildSettings = {
				ALWAYS_EMBED_SWIFT_STANDARD_LIBRARIES = YES;
				CODE_SIGN_STYLE = Automatic;
				CURRENT_PROJECT_VERSION = 1;
				DEVELOPMENT_TEAM = 75SEZC5TGW;
				GENERATE_INFOPLIST_FILE = YES;
				MARKETING_VERSION = 1.0;
				PRODUCT_BUNDLE_IDENTIFIER = armentechnology.GyroModuleUITests;
				PRODUCT_NAME = "$(TARGET_NAME)";
				SWIFT_EMIT_LOC_STRINGS = NO;
				SWIFT_VERSION = 5.0;
				TARGETED_DEVICE_FAMILY = "1,2";
				TEST_TARGET_NAME = GyroModule;
			};
			name = Release;
		};
/* End XCBuildConfiguration section */

/* Begin XCConfigurationList section */
		82CE37D429605E1B00B189FF /* Build configuration list for PBXProject "GyroModule" */ = {
			isa = XCConfigurationList;
			buildConfigurations = (
				82CE380129605E1D00B189FF /* Debug */,
				82CE380229605E1D00B189FF /* Release */,
			);
			defaultConfigurationIsVisible = 0;
			defaultConfigurationName = Release;
		};
		82CE380329605E1D00B189FF /* Build configuration list for PBXNativeTarget "GyroModule" */ = {
			isa = XCConfigurationList;
			buildConfigurations = (
				82CE380429605E1D00B189FF /* Debug */,
				82CE380529605E1D00B189FF /* Release */,
			);
			defaultConfigurationIsVisible = 0;
			defaultConfigurationName = Release;
		};
		82CE380629605E1D00B189FF /* Build configuration list for PBXNativeTarget "GyroModuleTests" */ = {
			isa = XCConfigurationList;
			buildConfigurations = (
				82CE380729605E1D00B189FF /* Debug */,
				82CE380829605E1D00B189FF /* Release */,
			);
			defaultConfigurationIsVisible = 0;
			defaultConfigurationName = Release;
		};
		82CE380929605E1D00B189FF /* Build configuration list for PBXNativeTarget "GyroModuleUITests" */ = {
			isa = XCConfigurationList;
			buildConfigurations = (
				82CE380A29605E1D00B189FF /* Debug */,
				82CE380B29605E1D00B189FF /* Release */,
			);
			defaultConfigurationIsVisible = 0;
			defaultConfigurationName = Release;
		};
/* End XCConfigurationList section */
	};
	rootObject = 82CE37D129605E1B00B189FF /* Project object */;
}
